
Microsoft Visual Studio Solution File, Format Version 12.00
# Visual Studio Version 16
VisualStudioVersion = 16.0.31424.327
MinimumVisualStudioVersion = 10.0.40219.1
Project("{9A19103F-16F7-4668-BE54-9A1E7A4F7556}") = "ConsoleApp1", "ConsoleApp1\ConsoleApp1.csproj", "{BCF1835C-42AF-4A58-B527-936A04982F35}"
EndProject
Project("{FAE04EC0-301F-11D3-BF4B-00C04F79EFBC}") = "WebConfig", "WebConfig\WebConfig.csproj", "{41267EE0-3B08-4F2C-8ABB-277C1AC4E3C6}"
EndProject
Project("{9A19103F-16F7-4668-BE54-9A1E7A4F7556}") = "uploadFile", "uploadFile\uploadFile.csproj", "{9654A75C-AB18-47F3-BD39-50595D69AE04}"
EndProject
Project("{9A19103F-16F7-4668-BE54-9A1E7A4F7556}") = "CardReader", "CardReader\CardReader.csproj", "{8B88D199-5CD0-43CB-A511-A600AC892B26}"
EndProject
Project("{9A19103F-16F7-4668-BE54-9A1E7A4F7556}") = "NluaDemo", "ConsoleApp6\NluaDemo.csproj", "{53244805-CD0D-4B96-A446-D70F7F2AACD9}"
EndProject
Project("{9A19103F-16F7-4668-BE54-9A1E7A4F7556}") = "CeShi", "CeShi\CeShi.csproj", "{DE51DE61-1434-4E01-8412-2E344845148A}"
EndProject
Project("{9A19103F-16F7-4668-BE54-9A1E7A4F7556}") = "WeiTuo", "WeiTuo\WeiTuo.csproj", "{12F23E96-6081-40C1-BEE5-E9E6802E0867}"
EndProject
Project("{9A19103F-16F7-4668-BE54-9A1E7A4F7556}") = "PlayTest", "PlayTest\PlayTest.csproj", "{85AE67E1-1C9A-491D-A1B7-777166F86D5E}"
EndProject
Project("{FAE04EC0-301F-11D3-BF4B-00C04F79EFBC}") = "Common.Utility", "..\..\Common.Utility-master\src\Utility基础类大全_CN\Common.Utility.csproj", "{643D406D-38E5-4A6E-8308-E48B87A1B69B}"
EndProject
Project("{FAE04EC0-301F-11D3-BF4B-00C04F79EFBC}") = "ETicket.Web2", "C:\Users\lenovo\Desktop\新建文件夹\m\ETicket.Web2.csproj", "{A0D5654A-55D4-4DDD-A6EB-064A8C25475A}"
EndProject
Project("{FAE04EC0-301F-11D3-BF4B-00C04F79EFBC}") = "ETicket.Web", "m\ETicket.Web.csproj", "{B2503985-A360-455D-BB2E-1BD900BBDD46}"
EndProject
Global
	GlobalSection(SolutionConfigurationPlatforms) = preSolution
		Debug|Any CPU = Debug|Any CPU
		Debug|x86 = Debug|x86
		Release|Any CPU = Release|Any CPU
		Release|x86 = Release|x86
	EndGlobalSection
	GlobalSection(ProjectConfigurationPlatforms) = postSolution
		{BCF1835C-42AF-4A58-B527-936A04982F35}.Debug|Any CPU.ActiveCfg = Debug|Any CPU
		{BCF1835C-42AF-4A58-B527-936A04982F35}.Debug|Any CPU.Build.0 = Debug|Any CPU
		{BCF1835C-42AF-4A58-B527-936A04982F35}.Debug|x86.ActiveCfg = Debug|Any CPU
		{BCF1835C-42AF-4A58-B527-936A04982F35}.Debug|x86.Build.0 = Debug|Any CPU
		{BCF1835C-42AF-4A58-B527-936A04982F35}.Release|Any CPU.ActiveCfg = Release|Any CPU
		{BCF1835C-42AF-4A58-B527-936A04982F35}.Release|Any CPU.Build.0 = Release|Any CPU
		{BCF1835C-42AF-4A58-B527-936A04982F35}.Release|x86.ActiveCfg = Release|Any CPU
		{BCF1835C-42AF-4A58-B527-936A04982F35}.Release|x86.Build.0 = Release|Any CPU
		{41267EE0-3B08-4F2C-8ABB-277C1AC4E3C6}.Debug|Any CPU.ActiveCfg = Debug|Any CPU
		{41267EE0-3B08-4F2C-8ABB-277C1AC4E3C6}.Debug|Any CPU.Build.0 = Debug|Any CPU
		{41267EE0-3B08-4F2C-8ABB-277C1AC4E3C6}.Debug|x86.ActiveCfg = Debug|Any CPU
		{41267EE0-3B08-4F2C-8ABB-277C1AC4E3C6}.Debug|x86.Build.0 = Debug|Any CPU
		{41267EE0-3B08-4F2C-8ABB-277C1AC4E3C6}.Release|Any CPU.ActiveCfg = Release|Any CPU
		{41267EE0-3B08-4F2C-8ABB-277C1AC4E3C6}.Release|Any CPU.Build.0 = Release|Any CPU
		{41267EE0-3B08-4F2C-8ABB-277C1AC4E3C6}.Release|x86.ActiveCfg = Release|Any CPU
		{41267EE0-3B08-4F2C-8ABB-277C1AC4E3C6}.Release|x86.Build.0 = Release|Any CPU
		{9654A75C-AB18-47F3-BD39-50595D69AE04}.Debug|Any CPU.ActiveCfg = Debug|Any CPU
		{9654A75C-AB18-47F3-BD39-50595D69AE04}.Debug|Any CPU.Build.0 = Debug|Any CPU
		{9654A75C-AB18-47F3-BD39-50595D69AE04}.Debug|x86.ActiveCfg = Debug|Any CPU
		{9654A75C-AB18-47F3-BD39-50595D69AE04}.Debug|x86.Build.0 = Debug|Any CPU
		{9654A75C-AB18-47F3-BD39-50595D69AE04}.Release|Any CPU.ActiveCfg = Release|Any CPU
		{9654A75C-AB18-47F3-BD39-50595D69AE04}.Release|Any CPU.Build.0 = Release|Any CPU
		{9654A75C-AB18-47F3-BD39-50595D69AE04}.Release|x86.ActiveCfg = Release|Any CPU
		{9654A75C-AB18-47F3-BD39-50595D69AE04}.Release|x86.Build.0 = Release|Any CPU
		{8B88D199-5CD0-43CB-A511-A600AC892B26}.Debug|Any CPU.ActiveCfg = Debug|Any CPU
		{8B88D199-5CD0-43CB-A511-A600AC892B26}.Debug|Any CPU.Build.0 = Debug|Any CPU
		{8B88D199-5CD0-43CB-A511-A600AC892B26}.Debug|x86.ActiveCfg = Debug|Any CPU
		{8B88D199-5CD0-43CB-A511-A600AC892B26}.Debug|x86.Build.0 = Debug|Any CPU
		{8B88D199-5CD0-43CB-A511-A600AC892B26}.Release|Any CPU.ActiveCfg = Release|Any CPU
		{8B88D199-5CD0-43CB-A511-A600AC892B26}.Release|Any CPU.Build.0 = Release|Any CPU
		{8B88D199-5CD0-43CB-A511-A600AC892B26}.Release|x86.ActiveCfg = Release|Any CPU
		{8B88D199-5CD0-43CB-A511-A600AC892B26}.Release|x86.Build.0 = Release|Any CPU
		{53244805-CD0D-4B96-A446-D70F7F2AACD9}.Debug|Any CPU.ActiveCfg = Debug|Any CPU
		{53244805-CD0D-4B96-A446-D70F7F2AACD9}.Debug|Any CPU.Build.0 = Debug|Any CPU
		{53244805-CD0D-4B96-A446-D70F7F2AACD9}.Debug|x86.ActiveCfg = Debug|Any CPU
		{53244805-CD0D-4B96-A446-D70F7F2AACD9}.Debug|x86.Build.0 = Debug|Any CPU
		{53244805-CD0D-4B96-A446-D70F7F2AACD9}.Release|Any CPU.ActiveCfg = Release|Any CPU
		{53244805-CD0D-4B96-A446-D70F7F2AACD9}.Release|Any CPU.Build.0 = Release|Any CPU
		{53244805-CD0D-4B96-A446-D70F7F2AACD9}.Release|x86.ActiveCfg = Release|Any CPU
		{53244805-CD0D-4B96-A446-D70F7F2AACD9}.Release|x86.Build.0 = Release|Any CPU
		{DE51DE61-1434-4E01-8412-2E344845148A}.Debug|Any CPU.ActiveCfg = Debug|Any CPU
		{DE51DE61-1434-4E01-8412-2E344845148A}.Debug|Any CPU.Build.0 = Debug|Any CPU
		{DE51DE61-1434-4E01-8412-2E344845148A}.Debug|x86.ActiveCfg = Debug|Any CPU
		{DE51DE61-1434-4E01-8412-2E344845148A}.Debug|x86.Build.0 = Debug|Any CPU
		{DE51DE61-1434-4E01-8412-2E344845148A}.Release|Any CPU.ActiveCfg = Release|Any CPU
		{DE51DE61-1434-4E01-8412-2E344845148A}.Release|Any CPU.Build.0 = Release|Any CPU
		{DE51DE61-1434-4E01-8412-2E344845148A}.Release|x86.ActiveCfg = Release|Any CPU
		{DE51DE61-1434-4E01-8412-2E344845148A}.Release|x86.Build.0 = Release|Any CPU
		{12F23E96-6081-40C1-BEE5-E9E6802E0867}.Debug|Any CPU.ActiveCfg = Debug|Any CPU
		{12F23E96-6081-40C1-BEE5-E9E6802E0867}.Debug|Any CPU.Build.0 = Debug|Any CPU
		{12F23E96-6081-40C1-BEE5-E9E6802E0867}.Debug|x86.ActiveCfg = Debug|Any CPU
		{12F23E96-6081-40C1-BEE5-E9E6802E0867}.Debug|x86.Build.0 = Debug|Any CPU
		{12F23E96-6081-40C1-BEE5-E9E6802E0867}.Release|Any CPU.ActiveCfg = Release|Any CPU
		{12F23E96-6081-40C1-BEE5-E9E6802E0867}.Release|Any CPU.Build.0 = Release|Any CPU
		{12F23E96-6081-40C1-BEE5-E9E6802E0867}.Release|x86.ActiveCfg = Release|Any CPU
		{12F23E96-6081-40C1-BEE5-E9E6802E0867}.Release|x86.Build.0 = Release|Any CPU
		{85AE67E1-1C9A-491D-A1B7-777166F86D5E}.Debug|Any CPU.ActiveCfg = Debug|Any CPU
		{85AE67E1-1C9A-491D-A1B7-777166F86D5E}.Debug|Any CPU.Build.0 = Debug|Any CPU
		{85AE67E1-1C9A-491D-A1B7-777166F86D5E}.Debug|x86.ActiveCfg = Debug|Any CPU
		{85AE67E1-1C9A-491D-A1B7-777166F86D5E}.Debug|x86.Build.0 = Debug|Any CPU
		{85AE67E1-1C9A-491D-A1B7-777166F86D5E}.Release|Any CPU.ActiveCfg = Release|Any CPU
		{85AE67E1-1C9A-491D-A1B7-777166F86D5E}.Release|Any CPU.Build.0 = Release|Any CPU
		{85AE67E1-1C9A-491D-A1B7-777166F86D5E}.Release|x86.ActiveCfg = Release|Any CPU
		{85AE67E1-1C9A-491D-A1B7-777166F86D5E}.Release|x86.Build.0 = Release|Any CPU
		{643D406D-38E5-4A6E-8308-E48B87A1B69B}.Debug|Any CPU.ActiveCfg = Debug|Any CPU
		{643D406D-38E5-4A6E-8308-E48B87A1B69B}.Debug|Any CPU.Build.0 = Debug|Any CPU
		{643D406D-38E5-4A6E-8308-E48B87A1B69B}.Debug|x86.ActiveCfg = Debug|Any CPU
		{643D406D-38E5-4A6E-8308-E48B87A1B69B}.Debug|x86.Build.0 = Debug|Any CPU
		{643D406D-38E5-4A6E-8308-E48B87A1B69B}.Release|Any CPU.ActiveCfg = Release|Any CPU
		{643D406D-38E5-4A6E-8308-E48B87A1B69B}.Release|Any CPU.Build.0 = Release|Any CPU
		{643D406D-38E5-4A6E-8308-E48B87A1B69B}.Release|x86.ActiveCfg = Release|Any CPU
		{643D406D-38E5-4A6E-8308-E48B87A1B69B}.Release|x86.Build.0 = Release|Any CPU
		{A0D5654A-55D4-4DDD-A6EB-064A8C25475A}.Debug|Any CPU.ActiveCfg = Debug|Any CPU
		{A0D5654A-55D4-4DDD-A6EB-064A8C25475A}.Debug|Any CPU.Build.0 = Debug|Any CPU
		{A0D5654A-55D4-4DDD-A6EB-064A8C25475A}.Debug|x86.ActiveCfg = Debug|x86
		{A0D5654A-55D4-4DDD-A6EB-064A8C25475A}.Debug|x86.Build.0 = Debug|x86
		{A0D5654A-55D4-4DDD-A6EB-064A8C25475A}.Release|Any CPU.ActiveCfg = Release|Any CPU
		{A0D5654A-55D4-4DDD-A6EB-064A8C25475A}.Release|Any CPU.Build.0 = Release|Any CPU
		{A0D5654A-55D4-4DDD-A6EB-064A8C25475A}.Release|x86.ActiveCfg = Release|x86
		{A0D5654A-55D4-4DDD-A6EB-064A8C25475A}.Release|x86.Build.0 = Release|x86
		{B2503985-A360-455D-BB2E-1BD900BBDD46}.Debug|Any CPU.ActiveCfg = Debug|Any CPU
		{B2503985-A360-455D-BB2E-1BD900BBDD46}.Debug|Any CPU.Build.0 = Debug|Any CPU
		{B2503985-A360-455D-BB2E-1BD900BBDD46}.Debug|x86.ActiveCfg = Debug|Any CPU
		{B2503985-A360-455D-BB2E-1BD900BBDD46}.Debug|x86.Build.0 = Debug|Any CPU
		{B2503985-A360-455D-BB2E-1BD900BBDD46}.Release|Any CPU.ActiveCfg = Release|Any CPU
		{B2503985-A360-455D-BB2E-1BD900BBDD46}.Release|Any CPU.Build.0 = Release|Any CPU
		{B2503985-A360-455D-BB2E-1BD900BBDD46}.Release|x86.ActiveCfg = Release|Any CPU
		{B2503985-A360-455D-BB2E-1BD900BBDD46}.Release|x86.Build.0 = Release|Any CPU
	EndGlobalSection
	GlobalSection(SolutionProperties) = preSolution
		HideSolutionNode = FALSE
	EndGlobalSection
	GlobalSection(ExtensibilityGlobals) = postSolution
		SolutionGuid = {38112B73-0889-4DA0-83D3-FD708EAE2340}
	EndGlobalSection
EndGlobal
